
Microsoft Visual Studio Solution File, Format Version 12.00
Project("{FAE04EC0-301F-11D3-BF4B-00C04F79EFBC}") = "Thesis.Images", "Thesis.Images\Thesis.Images.csproj", "{8B848108-4C33-4ECC-818C-59AE62C9FA2B}"
EndProject
Project("{2150E333-8FDC-42A3-9474-1A3956D46DE8}") = "src", "src", "{2CC556BB-0093-45DE-B0FE-820E473CDC8E}"
EndProject
Global
	GlobalSection(SolutionConfigurationPlatforms) = preSolution
		Debug|Any CPU = Debug|Any CPU
		Release|Any CPU = Release|Any CPU
	EndGlobalSection
	GlobalSection(ProjectConfigurationPlatforms) = postSolution
		{8B848108-4C33-4ECC-818C-59AE62C9FA2B}.Debug|Any CPU.ActiveCfg = Debug|Any CPU
		{8B848108-4C33-4ECC-818C-59AE62C9FA2B}.Debug|Any CPU.Build.0 = Debug|Any CPU
		{8B848108-4C33-4ECC-818C-59AE62C9FA2B}.Release|Any CPU.ActiveCfg = Release|Any CPU
		{8B848108-4C33-4ECC-818C-59AE62C9FA2B}.Release|Any CPU.Build.0 = Release|Any CPU
	EndGlobalSection
	GlobalSection(NestedProjects) = preSolution
		{8B848108-4C33-4ECC-818C-59AE62C9FA2B} = {2CC556BB-0093-45DE-B0FE-820E473CDC8E}
	EndGlobalSection
EndGlobal
